
Microsoft Visual Studio Solution File, Format Version 12.00
# Visual Studio Version 17
VisualStudioVersion = 17.4.33213.308
MinimumVisualStudioVersion = 10.0.40219.1
Project("{FAE04EC0-301F-11D3-BF4B-00C04F79EFBC}") = "Calculadora velocidad, tiempo y distancia", "Calculadora velocidad, tiempo y distancia\Calculadora velocidad, tiempo y distancia.csproj", "{01E673DB-446F-4ABF-98FC-BE144118B62A}"
EndProject
Global
	GlobalSection(SolutionConfigurationPlatforms) = preSolution
		Debug|Any CPU = Debug|Any CPU
		Release|Any CPU = Release|Any CPU
	EndGlobalSection
	GlobalSection(ProjectConfigurationPlatforms) = postSolution
		{01E673DB-446F-4ABF-98FC-BE144118B62A}.Debug|Any CPU.ActiveCfg = Debug|Any CPU
		{01E673DB-446F-4ABF-98FC-BE144118B62A}.Debug|Any CPU.Build.0 = Debug|Any CPU
		{01E673DB-446F-4ABF-98FC-BE144118B62A}.Release|Any CPU.ActiveCfg = Release|Any CPU
		{01E673DB-446F-4ABF-98FC-BE144118B62A}.Release|Any CPU.Build.0 = Release|Any CPU
	EndGlobalSection
	GlobalSection(SolutionProperties) = preSolution
		HideSolutionNode = FALSE
	EndGlobalSection
	GlobalSection(ExtensibilityGlobals) = postSolution
		SolutionGuid = {0AB2F10B-0C37-4585-BBF2-D4B44F7EF9D4}
	EndGlobalSection
EndGlobal
