
Microsoft Visual Studio Solution File, Format Version 12.00
# Visual Studio Version 17
VisualStudioVersion = 17.4.33213.308
MinimumVisualStudioVersion = 10.0.40219.1
Project("{FAE04EC0-301F-11D3-BF4B-00C04F79EFBC}") = "Calculadora de funciones trigonometricas", "Calculadora de funciones trigonometricas\Calculadora de funciones trigonometricas.csproj", "{02E847AF-E0FD-4105-832D-FE0F38E024D2}"
EndProject
Global
	GlobalSection(SolutionConfigurationPlatforms) = preSolution
		Debug|Any CPU = Debug|Any CPU
		Release|Any CPU = Release|Any CPU
	EndGlobalSection
	GlobalSection(ProjectConfigurationPlatforms) = postSolution
		{02E847AF-E0FD-4105-832D-FE0F38E024D2}.Debug|Any CPU.ActiveCfg = Debug|Any CPU
		{02E847AF-E0FD-4105-832D-FE0F38E024D2}.Debug|Any CPU.Build.0 = Debug|Any CPU
		{02E847AF-E0FD-4105-832D-FE0F38E024D2}.Release|Any CPU.ActiveCfg = Release|Any CPU
		{02E847AF-E0FD-4105-832D-FE0F38E024D2}.Release|Any CPU.Build.0 = Release|Any CPU
	EndGlobalSection
	GlobalSection(SolutionProperties) = preSolution
		HideSolutionNode = FALSE
	EndGlobalSection
	GlobalSection(ExtensibilityGlobals) = postSolution
		SolutionGuid = {70CF865E-2207-4E17-8950-0980E165D385}
	EndGlobalSection
EndGlobal
