
Microsoft Visual Studio Solution File, Format Version 12.00
# Visual Studio Version 17
VisualStudioVersion = 17.4.33213.308
MinimumVisualStudioVersion = 10.0.40219.1
Project("{FAE04EC0-301F-11D3-BF4B-00C04F79EFBC}") = "Conversor de temperaturas", "Conversor de temperaturas\Conversor de temperaturas.csproj", "{6ADF4885-C975-4DF8-9804-2E599799EB8F}"
EndProject
Global
	GlobalSection(SolutionConfigurationPlatforms) = preSolution
		Debug|Any CPU = Debug|Any CPU
		Release|Any CPU = Release|Any CPU
	EndGlobalSection
	GlobalSection(ProjectConfigurationPlatforms) = postSolution
		{6ADF4885-C975-4DF8-9804-2E599799EB8F}.Debug|Any CPU.ActiveCfg = Debug|Any CPU
		{6ADF4885-C975-4DF8-9804-2E599799EB8F}.Debug|Any CPU.Build.0 = Debug|Any CPU
		{6ADF4885-C975-4DF8-9804-2E599799EB8F}.Release|Any CPU.ActiveCfg = Release|Any CPU
		{6ADF4885-C975-4DF8-9804-2E599799EB8F}.Release|Any CPU.Build.0 = Release|Any CPU
	EndGlobalSection
	GlobalSection(SolutionProperties) = preSolution
		HideSolutionNode = FALSE
	EndGlobalSection
	GlobalSection(ExtensibilityGlobals) = postSolution
		SolutionGuid = {BC824AAD-C1E0-4072-A540-B1F12F2EF1A4}
	EndGlobalSection
EndGlobal
